
Microsoft Visual Studio Solution File, Format Version 12.00
# Visual Studio Version 16
VisualStudioVersion = 16.0.30804.86
MinimumVisualStudioVersion = 10.0.40219.1
Project("{FAE04EC0-301F-11D3-BF4B-00C04F79EFBC}") = "exo1_ASP", "exo1_ASP\exo1_ASP.csproj", "{267D80FE-F831-430E-AC16-251853CDF667}"
EndProject
Global
	GlobalSection(SolutionConfigurationPlatforms) = preSolution
		Debug|Any CPU = Debug|Any CPU
		Release|Any CPU = Release|Any CPU
	EndGlobalSection
	GlobalSection(ProjectConfigurationPlatforms) = postSolution
		{267D80FE-F831-430E-AC16-251853CDF667}.Debug|Any CPU.ActiveCfg = Debug|Any CPU
		{267D80FE-F831-430E-AC16-251853CDF667}.Debug|Any CPU.Build.0 = Debug|Any CPU
		{267D80FE-F831-430E-AC16-251853CDF667}.Release|Any CPU.ActiveCfg = Release|Any CPU
		{267D80FE-F831-430E-AC16-251853CDF667}.Release|Any CPU.Build.0 = Release|Any CPU
	EndGlobalSection
	GlobalSection(SolutionProperties) = preSolution
		HideSolutionNode = FALSE
	EndGlobalSection
	GlobalSection(ExtensibilityGlobals) = postSolution
		SolutionGuid = {2B3FB8C2-D218-468A-BA38-7759FE1066FD}
	EndGlobalSection
EndGlobal
